
Microsoft Visual Studio Solution File, Format Version 12.00
# Visual Studio Version 17
VisualStudioVersion = 17.1.32319.34
MinimumVisualStudioVersion = 10.0.40219.1
Project("{FAE04EC0-301F-11D3-BF4B-00C04F79EFBC}") = "HalfMagicProximity", "HalfMagicProximity\HalfMagicProximity.csproj", "{218DB8C2-C5AB-46DE-A41D-09EDC03A01EB}"
EndProject
Global
	GlobalSection(SolutionConfigurationPlatforms) = preSolution
		Debug|Any CPU = Debug|Any CPU
		Release|Any CPU = Release|Any CPU
	EndGlobalSection
	GlobalSection(ProjectConfigurationPlatforms) = postSolution
		{218DB8C2-C5AB-46DE-A41D-09EDC03A01EB}.Debug|Any CPU.ActiveCfg = Debug|Any CPU
		{218DB8C2-C5AB-46DE-A41D-09EDC03A01EB}.Debug|Any CPU.Build.0 = Debug|Any CPU
		{218DB8C2-C5AB-46DE-A41D-09EDC03A01EB}.Release|Any CPU.ActiveCfg = Release|Any CPU
		{218DB8C2-C5AB-46DE-A41D-09EDC03A01EB}.Release|Any CPU.Build.0 = Release|Any CPU
	EndGlobalSection
	GlobalSection(SolutionProperties) = preSolution
		HideSolutionNode = FALSE
	EndGlobalSection
	GlobalSection(ExtensibilityGlobals) = postSolution
		SolutionGuid = {A7EFAB15-284F-420C-8897-1A6109C95733}
	EndGlobalSection
EndGlobal
